
Microsoft Visual Studio Solution File, Format Version 12.00
# Visual Studio Version 17
VisualStudioVersion = 17.4.33213.308
MinimumVisualStudioVersion = 10.0.40219.1
Project("{9A19103F-16F7-4668-BE54-9A1E7A4F7556}") = "RevitUtils", "RevitUtils.csproj", "{6E68E272-9DBA-44C3-9839-8BAF62C175C5}"
EndProject
Global
	GlobalSection(SolutionConfigurationPlatforms) = preSolution
		Debug|Any CPU = Debug|Any CPU
		R21|Any CPU = R21|Any CPU
		R22|Any CPU = R22|Any CPU
		R23|Any CPU = R23|Any CPU
		R24|Any CPU = R24|Any CPU
		R25|Any CPU = R25|Any CPU
		Release|Any CPU = Release|Any CPU
	EndGlobalSection
	GlobalSection(ProjectConfigurationPlatforms) = postSolution
		{6E68E272-9DBA-44C3-9839-8BAF62C175C5}.Debug|Any CPU.ActiveCfg = Debug|Any CPU
		{6E68E272-9DBA-44C3-9839-8BAF62C175C5}.Debug|Any CPU.Build.0 = Debug|Any CPU
		{6E68E272-9DBA-44C3-9839-8BAF62C175C5}.R21|Any CPU.ActiveCfg = R21|Any CPU
		{6E68E272-9DBA-44C3-9839-8BAF62C175C5}.R21|Any CPU.Build.0 = R21|Any CPU
		{6E68E272-9DBA-44C3-9839-8BAF62C175C5}.R22|Any CPU.ActiveCfg = R22|Any CPU
		{6E68E272-9DBA-44C3-9839-8BAF62C175C5}.R22|Any CPU.Build.0 = R22|Any CPU
		{6E68E272-9DBA-44C3-9839-8BAF62C175C5}.R23|Any CPU.ActiveCfg = R23|Any CPU
		{6E68E272-9DBA-44C3-9839-8BAF62C175C5}.R23|Any CPU.Build.0 = R23|Any CPU
		{6E68E272-9DBA-44C3-9839-8BAF62C175C5}.R24|Any CPU.ActiveCfg = R24|Any CPU
		{6E68E272-9DBA-44C3-9839-8BAF62C175C5}.R24|Any CPU.Build.0 = R24|Any CPU
		{6E68E272-9DBA-44C3-9839-8BAF62C175C5}.R25|Any CPU.ActiveCfg = R25|Any CPU
		{6E68E272-9DBA-44C3-9839-8BAF62C175C5}.R25|Any CPU.Build.0 = R25|Any CPU
		{6E68E272-9DBA-44C3-9839-8BAF62C175C5}.Release|Any CPU.ActiveCfg = Release|Any CPU
		{6E68E272-9DBA-44C3-9839-8BAF62C175C5}.Release|Any CPU.Build.0 = Release|Any CPU
	EndGlobalSection
	GlobalSection(SolutionProperties) = preSolution
		HideSolutionNode = FALSE
	EndGlobalSection
	GlobalSection(ExtensibilityGlobals) = postSolution
		SolutionGuid = {E4E7A282-67B6-4C04-9E7A-30D70D760182}
	EndGlobalSection
EndGlobal
