Microsoft Visual Studio Solution File, Format Version 12.00
# Visual Studio Version 17
VisualStudioVersion = 17.4.33213.308
MinimumVisualStudioVersion = 10.0.40219.1
Project("{9A19103F-16F7-4668-BE54-9A1E7A4F7556}") = "RevitUtils", "Revit-Utils\RevitUtils.csproj", "{6E68E272-9DBA-44C3-9839-8BAF62C175C5}"
EndProject
Project("{9A19103F-16F7-4668-BE54-9A1E7A4F7556}") = "WT.UI", "UI\WT.UI.csproj", "{121E9A10-D9A7-40C4-95B8-0AC4614B2959}"
EndProject
Project("{9A19103F-16F7-4668-BE54-9A1E7A4F7556}") = "WT.System", "System\WT.System.csproj", "{C08C7309-E0D0-4953-B34D-6D7FE7EE2A05}"
EndProject
Global
	GlobalSection(SolutionConfigurationPlatforms) = preSolution
		Debug|Any CPU = Debug|Any CPU
		R20|Any CPU = R20|Any CPU
		R21|Any CPU = R21|Any CPU
		R22|Any CPU = R22|Any CPU
		R23|Any CPU = R23|Any CPU
		R24|Any CPU = R24|Any CPU
		R25|Any CPU = R25|Any CPU
		Release|Any CPU = Release|Any CPU
	EndGlobalSection
	GlobalSection(ProjectConfigurationPlatforms) = postSolution
		{6E68E272-9DBA-44C3-9839-8BAF62C175C5}.Debug|Any CPU.ActiveCfg = Debug|Any CPU
		{6E68E272-9DBA-44C3-9839-8BAF62C175C5}.Debug|Any CPU.Build.0 = Debug|Any CPU
		{6E68E272-9DBA-44C3-9839-8BAF62C175C5}.R20|Any CPU.ActiveCfg = R20|Any CPU
		{6E68E272-9DBA-44C3-9839-8BAF62C175C5}.R20|Any CPU.Build.0 = R20|Any CPU
		{6E68E272-9DBA-44C3-9839-8BAF62C175C5}.R21|Any CPU.ActiveCfg = R21|Any CPU
		{6E68E272-9DBA-44C3-9839-8BAF62C175C5}.R21|Any CPU.Build.0 = R21|Any CPU
		{6E68E272-9DBA-44C3-9839-8BAF62C175C5}.R22|Any CPU.ActiveCfg = R22|Any CPU
		{6E68E272-9DBA-44C3-9839-8BAF62C175C5}.R22|Any CPU.Build.0 = R22|Any CPU
		{6E68E272-9DBA-44C3-9839-8BAF62C175C5}.R23|Any CPU.ActiveCfg = R23|Any CPU
		{6E68E272-9DBA-44C3-9839-8BAF62C175C5}.R23|Any CPU.Build.0 = R23|Any CPU
		{6E68E272-9DBA-44C3-9839-8BAF62C175C5}.R24|Any CPU.ActiveCfg = R24|Any CPU
		{6E68E272-9DBA-44C3-9839-8BAF62C175C5}.R24|Any CPU.Build.0 = R24|Any CPU
		{6E68E272-9DBA-44C3-9839-8BAF62C175C5}.R25|Any CPU.ActiveCfg = R25|Any CPU
		{6E68E272-9DBA-44C3-9839-8BAF62C175C5}.R25|Any CPU.Build.0 = R25|Any CPU
		{6E68E272-9DBA-44C3-9839-8BAF62C175C5}.Release|Any CPU.ActiveCfg = Release|Any CPU
		{6E68E272-9DBA-44C3-9839-8BAF62C175C5}.Release|Any CPU.Build.0 = Release|Any CPU
		{121E9A10-D9A7-40C4-95B8-0AC4614B2959}.Debug|Any CPU.ActiveCfg = Debug|Any CPU
		{121E9A10-D9A7-40C4-95B8-0AC4614B2959}.Debug|Any CPU.Build.0 = Debug|Any CPU
		{121E9A10-D9A7-40C4-95B8-0AC4614B2959}.R20|Any CPU.ActiveCfg = Release|Any CPU
		{121E9A10-D9A7-40C4-95B8-0AC4614B2959}.R20|Any CPU.Build.0 = Release|Any CPU
		{121E9A10-D9A7-40C4-95B8-0AC4614B2959}.R21|Any CPU.ActiveCfg = Release|Any CPU
		{121E9A10-D9A7-40C4-95B8-0AC4614B2959}.R21|Any CPU.Build.0 = Release|Any CPU
		{121E9A10-D9A7-40C4-95B8-0AC4614B2959}.R22|Any CPU.ActiveCfg = Release|Any CPU
		{121E9A10-D9A7-40C4-95B8-0AC4614B2959}.R22|Any CPU.Build.0 = Release|Any CPU
		{121E9A10-D9A7-40C4-95B8-0AC4614B2959}.R23|Any CPU.ActiveCfg = Release|Any CPU
		{121E9A10-D9A7-40C4-95B8-0AC4614B2959}.R23|Any CPU.Build.0 = Release|Any CPU
		{121E9A10-D9A7-40C4-95B8-0AC4614B2959}.R24|Any CPU.ActiveCfg = Release|Any CPU
		{121E9A10-D9A7-40C4-95B8-0AC4614B2959}.R24|Any CPU.Build.0 = Release|Any CPU
		{121E9A10-D9A7-40C4-95B8-0AC4614B2959}.R25|Any CPU.ActiveCfg = Debug|Any CPU
		{121E9A10-D9A7-40C4-95B8-0AC4614B2959}.R25|Any CPU.Build.0 = Debug|Any CPU
		{121E9A10-D9A7-40C4-95B8-0AC4614B2959}.Release|Any CPU.ActiveCfg = Release|Any CPU
		{121E9A10-D9A7-40C4-95B8-0AC4614B2959}.Release|Any CPU.Build.0 = Release|Any CPU
		{C08C7309-E0D0-4953-B34D-6D7FE7EE2A05}.Debug|Any CPU.ActiveCfg = Debug|Any CPU
		{C08C7309-E0D0-4953-B34D-6D7FE7EE2A05}.Debug|Any CPU.Build.0 = Debug|Any CPU
		{C08C7309-E0D0-4953-B34D-6D7FE7EE2A05}.R20|Any CPU.ActiveCfg = Release|Any CPU
		{C08C7309-E0D0-4953-B34D-6D7FE7EE2A05}.R20|Any CPU.Build.0 = Release|Any CPU
		{C08C7309-E0D0-4953-B34D-6D7FE7EE2A05}.R21|Any CPU.ActiveCfg = Release|Any CPU
		{C08C7309-E0D0-4953-B34D-6D7FE7EE2A05}.R21|Any CPU.Build.0 = Release|Any CPU
		{C08C7309-E0D0-4953-B34D-6D7FE7EE2A05}.R22|Any CPU.ActiveCfg = Release|Any CPU
		{C08C7309-E0D0-4953-B34D-6D7FE7EE2A05}.R22|Any CPU.Build.0 = Release|Any CPU
		{C08C7309-E0D0-4953-B34D-6D7FE7EE2A05}.R23|Any CPU.ActiveCfg = Release|Any CPU
		{C08C7309-E0D0-4953-B34D-6D7FE7EE2A05}.R23|Any CPU.Build.0 = Release|Any CPU
		{C08C7309-E0D0-4953-B34D-6D7FE7EE2A05}.R24|Any CPU.ActiveCfg = Release|Any CPU
		{C08C7309-E0D0-4953-B34D-6D7FE7EE2A05}.R24|Any CPU.Build.0 = Release|Any CPU
		{C08C7309-E0D0-4953-B34D-6D7FE7EE2A05}.R25|Any CPU.ActiveCfg = Release|Any CPU
		{C08C7309-E0D0-4953-B34D-6D7FE7EE2A05}.R25|Any CPU.Build.0 = Release|Any CPU
		{C08C7309-E0D0-4953-B34D-6D7FE7EE2A05}.Release|Any CPU.ActiveCfg = Release|Any CPU
		{C08C7309-E0D0-4953-B34D-6D7FE7EE2A05}.Release|Any CPU.Build.0 = Release|Any CPU
	EndGlobalSection
	GlobalSection(SolutionProperties) = preSolution
		HideSolutionNode = FALSE
	EndGlobalSection
	GlobalSection(ExtensibilityGlobals) = postSolution
		SolutionGuid = {E4E7A282-67B6-4C04-9E7A-30D70D760182}
	EndGlobalSection
EndGlobal
